// !$*UTF8*$!
{
	archiveVersion = 1;
	classes = {
	};
	objectVersion = 55;
	objects = {

/* Begin PBXBuildFile section */
		262F57F9EB7FC3D2B0FA5BF2 /* Pods_Godrm.framework in Frameworks */ = {isa = PBXBuildFile; fileRef = 33D6DD257775C614F6A9DEBA /* Pods_Godrm.framework */; };
		DF58CD9D032D5F2E3C6374C6 /* Pods_GodrmTests.framework in Frameworks */ = {isa = PBXBuildFile; fileRef = A30929E4E836F4A8B88081EA /* Pods_GodrmTests.framework */; };
		E411C02F28AF9DD900F17571 /* example.xcconfig in Resources */ = {isa = PBXBuildFile; fileRef = E411C02E28AF9DD900F17571 /* example.xcconfig */; };
		E421004F28ACC7E200544EDA /* AppDelegate.swift in Sources */ = {isa = PBXBuildFile; fileRef = E421004E28ACC7E200544EDA /* AppDelegate.swift */; };
		E421005128ACC7E200544EDA /* SceneDelegate.swift in Sources */ = {isa = PBXBuildFile; fileRef = E421005028ACC7E200544EDA /* SceneDelegate.swift */; };
		E421005328ACC7E200544EDA /* OnboardingPageViewController.swift in Sources */ = {isa = PBXBuildFile; fileRef = E421005228ACC7E200544EDA /* OnboardingPageViewController.swift */; };
		E421005828ACC7E300544EDA /* Assets.xcassets in Resources */ = {isa = PBXBuildFile; fileRef = E421005728ACC7E300544EDA /* Assets.xcassets */; };
		E421005B28ACC7E300544EDA /* LaunchScreen.storyboard in Resources */ = {isa = PBXBuildFile; fileRef = E421005928ACC7E300544EDA /* LaunchScreen.storyboard */; };
		E421006428ACC8D100544EDA /* README.md in Resources */ = {isa = PBXBuildFile; fileRef = E421006228ACC8D100544EDA /* README.md */; };
		E421006528ACC8D100544EDA /* LICENSE in Resources */ = {isa = PBXBuildFile; fileRef = E421006328ACC8D100544EDA /* LICENSE */; };
		E46A099D28AD0A8E00BEB1CA /* GodrmTests.swift in Sources */ = {isa = PBXBuildFile; fileRef = E46A099C28AD0A8E00BEB1CA /* GodrmTests.swift */; };
		E46A09A428AD0DF400BEB1CA /* .swiftlint.yml in Resources */ = {isa = PBXBuildFile; fileRef = E46A09A328AD0DF400BEB1CA /* .swiftlint.yml */; };
		E46A09A628AD0E5100BEB1CA /* .swiftformat in Resources */ = {isa = PBXBuildFile; fileRef = E46A09A528AD0E5100BEB1CA /* .swiftformat */; };
		E46BCDBF28AF83B800E1BE64 /* InfoPlist.strings in Resources */ = {isa = PBXBuildFile; fileRef = E46BCD8D28AF7FEE00E1BE64 /* InfoPlist.strings */; };
/* End PBXBuildFile section */

/* Begin PBXContainerItemProxy section */
		E4AEABB228B1154000341AC9 /* PBXContainerItemProxy */ = {
			isa = PBXContainerItemProxy;
			containerPortal = E421004328ACC7E200544EDA /* Project object */;
			proxyType = 1;
			remoteGlobalIDString = E421004A28ACC7E200544EDA;
			remoteInfo = Godrm;
		};
/* End PBXContainerItemProxy section */

/* Begin PBXFileReference section */
		0D469C57DFB45F9FEEBD4659 /* Pods-Godrm.release-testing.xcconfig */ = {isa = PBXFileReference; includeInIndex = 1; lastKnownFileType = text.xcconfig; name = "Pods-Godrm.release-testing.xcconfig"; path = "Target Support Files/Pods-Godrm/Pods-Godrm.release-testing.xcconfig"; sourceTree = "<group>"; };
		171561EAFBAAD29ADCFFE6FA /* Pods-GodrmTests.debug.xcconfig */ = {isa = PBXFileReference; includeInIndex = 1; lastKnownFileType = text.xcconfig; name = "Pods-GodrmTests.debug.xcconfig"; path = "Target Support Files/Pods-GodrmTests/Pods-GodrmTests.debug.xcconfig"; sourceTree = "<group>"; };
		26E35BE82DE03B8F3C227DA3 /* Pods-GodrmTests.debug-testing.xcconfig */ = {isa = PBXFileReference; includeInIndex = 1; lastKnownFileType = text.xcconfig; name = "Pods-GodrmTests.debug-testing.xcconfig"; path = "Target Support Files/Pods-GodrmTests/Pods-GodrmTests.debug-testing.xcconfig"; sourceTree = "<group>"; };
		3262A1D0350435A28C0A3E8E /* Pods-Godrm.debug testing.xcconfig */ = {isa = PBXFileReference; includeInIndex = 1; lastKnownFileType = text.xcconfig; name = "Pods-Godrm.debug testing.xcconfig"; path = "Target Support Files/Pods-Godrm/Pods-Godrm.debug testing.xcconfig"; sourceTree = "<group>"; };
		33D6DD257775C614F6A9DEBA /* Pods_Godrm.framework */ = {isa = PBXFileReference; explicitFileType = wrapper.framework; includeInIndex = 0; path = Pods_Godrm.framework; sourceTree = BUILT_PRODUCTS_DIR; };
		62DE880A3869650B21CCCAEC /* Pods-Godrm.debug.xcconfig */ = {isa = PBXFileReference; includeInIndex = 1; lastKnownFileType = text.xcconfig; name = "Pods-Godrm.debug.xcconfig"; path = "Target Support Files/Pods-Godrm/Pods-Godrm.debug.xcconfig"; sourceTree = "<group>"; };
		7EAFAFBAEB24E2FF27344DD6 /* Pods-Godrm.release.xcconfig */ = {isa = PBXFileReference; includeInIndex = 1; lastKnownFileType = text.xcconfig; name = "Pods-Godrm.release.xcconfig"; path = "Target Support Files/Pods-Godrm/Pods-Godrm.release.xcconfig"; sourceTree = "<group>"; };
		8466EE9EF553E05DFDA7B659 /* Pods-Godrm.release testing.xcconfig */ = {isa = PBXFileReference; includeInIndex = 1; lastKnownFileType = text.xcconfig; name = "Pods-Godrm.release testing.xcconfig"; path = "Target Support Files/Pods-Godrm/Pods-Godrm.release testing.xcconfig"; sourceTree = "<group>"; };
		95367B62EEDBA76AAA730FA7 /* Pods-GodrmTests.release.xcconfig */ = {isa = PBXFileReference; includeInIndex = 1; lastKnownFileType = text.xcconfig; name = "Pods-GodrmTests.release.xcconfig"; path = "Target Support Files/Pods-GodrmTests/Pods-GodrmTests.release.xcconfig"; sourceTree = "<group>"; };
		9F18D41E40D59E4191A55126 /* Pods-GodrmTests.release testing.xcconfig */ = {isa = PBXFileReference; includeInIndex = 1; lastKnownFileType = text.xcconfig; name = "Pods-GodrmTests.release testing.xcconfig"; path = "Target Support Files/Pods-GodrmTests/Pods-GodrmTests.release testing.xcconfig"; sourceTree = "<group>"; };
		A30929E4E836F4A8B88081EA /* Pods_GodrmTests.framework */ = {isa = PBXFileReference; explicitFileType = wrapper.framework; includeInIndex = 0; path = Pods_GodrmTests.framework; sourceTree = BUILT_PRODUCTS_DIR; };
		AB4808717BF497E7CD7F7E8D /* Pods-GodrmTests.debug testing.xcconfig */ = {isa = PBXFileReference; includeInIndex = 1; lastKnownFileType = text.xcconfig; name = "Pods-GodrmTests.debug testing.xcconfig"; path = "Target Support Files/Pods-GodrmTests/Pods-GodrmTests.debug testing.xcconfig"; sourceTree = "<group>"; };
		D19A473FC1BCB7014101AF51 /* Pods-GodrmTests.release-testing.xcconfig */ = {isa = PBXFileReference; includeInIndex = 1; lastKnownFileType = text.xcconfig; name = "Pods-GodrmTests.release-testing.xcconfig"; path = "Target Support Files/Pods-GodrmTests/Pods-GodrmTests.release-testing.xcconfig"; sourceTree = "<group>"; };
		DE5CB08AC829E729811880EB /* Pods-Godrm.debug-testing.xcconfig */ = {isa = PBXFileReference; includeInIndex = 1; lastKnownFileType = text.xcconfig; name = "Pods-Godrm.debug-testing.xcconfig"; path = "Target Support Files/Pods-Godrm/Pods-Godrm.debug-testing.xcconfig"; sourceTree = "<group>"; };
		E411C02D28AF9BFE00F17571 /* ko */ = {isa = PBXFileReference; lastKnownFileType = text.plist.strings; name = ko; path = ko.lproj/InfoPlist.strings; sourceTree = "<group>"; };
		E411C02E28AF9DD900F17571 /* example.xcconfig */ = {isa = PBXFileReference; fileEncoding = 4; lastKnownFileType = text.xcconfig; path = example.xcconfig; sourceTree = "<group>"; };
		E421004B28ACC7E200544EDA /* Godrm.app */ = {isa = PBXFileReference; explicitFileType = wrapper.application; includeInIndex = 0; path = Godrm.app; sourceTree = BUILT_PRODUCTS_DIR; };
		E421004E28ACC7E200544EDA /* AppDelegate.swift */ = {isa = PBXFileReference; lastKnownFileType = sourcecode.swift; path = AppDelegate.swift; sourceTree = "<group>"; };
		E421005028ACC7E200544EDA /* SceneDelegate.swift */ = {isa = PBXFileReference; lastKnownFileType = sourcecode.swift; path = SceneDelegate.swift; sourceTree = "<group>"; };
		E421005228ACC7E200544EDA /* OnboardingPageViewController.swift */ = {isa = PBXFileReference; lastKnownFileType = sourcecode.swift; path = OnboardingPageViewController.swift; sourceTree = "<group>"; };
		E421005728ACC7E300544EDA /* Assets.xcassets */ = {isa = PBXFileReference; lastKnownFileType = folder.assetcatalog; path = Assets.xcassets; sourceTree = "<group>"; };
		E421005A28ACC7E300544EDA /* Base */ = {isa = PBXFileReference; lastKnownFileType = file.storyboard; name = Base; path = Base.lproj/LaunchScreen.storyboard; sourceTree = "<group>"; };
		E421006228ACC8D100544EDA /* README.md */ = {isa = PBXFileReference; fileEncoding = 4; lastKnownFileType = net.daringfireball.markdown; path = README.md; sourceTree = "<group>"; };
		E421006328ACC8D100544EDA /* LICENSE */ = {isa = PBXFileReference; fileEncoding = 4; lastKnownFileType = text; path = LICENSE; sourceTree = "<group>"; };
		E46A099A28AD0A8E00BEB1CA /* GodrmTests.xctest */ = {isa = PBXFileReference; explicitFileType = wrapper.cfbundle; includeInIndex = 0; path = GodrmTests.xctest; sourceTree = BUILT_PRODUCTS_DIR; };
		E46A099C28AD0A8E00BEB1CA /* GodrmTests.swift */ = {isa = PBXFileReference; lastKnownFileType = sourcecode.swift; path = GodrmTests.swift; sourceTree = "<group>"; };
		E46A09A328AD0DF400BEB1CA /* .swiftlint.yml */ = {isa = PBXFileReference; lastKnownFileType = text.yaml; path = .swiftlint.yml; sourceTree = "<group>"; };
		E46A09A528AD0E5100BEB1CA /* .swiftformat */ = {isa = PBXFileReference; lastKnownFileType = text; path = .swiftformat; sourceTree = "<group>"; };
		E46A09A728AE1D5F00BEB1CA /* production.xcconfig */ = {isa = PBXFileReference; lastKnownFileType = text.xcconfig; path = production.xcconfig; sourceTree = "<group>"; };
		E46A09A828AE1D7300BEB1CA /* development.xcconfig */ = {isa = PBXFileReference; lastKnownFileType = text.xcconfig; path = development.xcconfig; sourceTree = "<group>"; };
		E46BCD8C28AF7FEE00E1BE64 /* en */ = {isa = PBXFileReference; lastKnownFileType = text.plist.strings; name = en; path = en.lproj/InfoPlist.strings; sourceTree = "<group>"; };
		E4DB7F0628ACE5AB007571C5 /* Info.plist */ = {isa = PBXFileReference; fileEncoding = 4; lastKnownFileType = text.plist.xml; path = Info.plist; sourceTree = "<group>"; };
/* End PBXFileReference section */

/* Begin PBXFrameworksBuildPhase section */
		E421004828ACC7E200544EDA /* Frameworks */ = {
			isa = PBXFrameworksBuildPhase;
			buildActionMask = 2147483647;
			files = (
				262F57F9EB7FC3D2B0FA5BF2 /* Pods_Godrm.framework in Frameworks */,
			);
			runOnlyForDeploymentPostprocessing = 0;
		};
		E46A099728AD0A8E00BEB1CA /* Frameworks */ = {
			isa = PBXFrameworksBuildPhase;
			buildActionMask = 2147483647;
			files = (
				DF58CD9D032D5F2E3C6374C6 /* Pods_GodrmTests.framework in Frameworks */,
			);
			runOnlyForDeploymentPostprocessing = 0;
		};
/* End PBXFrameworksBuildPhase section */

/* Begin PBXGroup section */
		326DCCCA14284D357AE95B23 /* Pods */ = {
			isa = PBXGroup;
			children = (
				62DE880A3869650B21CCCAEC /* Pods-Godrm.debug.xcconfig */,
				7EAFAFBAEB24E2FF27344DD6 /* Pods-Godrm.release.xcconfig */,
				171561EAFBAAD29ADCFFE6FA /* Pods-GodrmTests.debug.xcconfig */,
				95367B62EEDBA76AAA730FA7 /* Pods-GodrmTests.release.xcconfig */,
				DE5CB08AC829E729811880EB /* Pods-Godrm.debug-testing.xcconfig */,
				0D469C57DFB45F9FEEBD4659 /* Pods-Godrm.release-testing.xcconfig */,
				26E35BE82DE03B8F3C227DA3 /* Pods-GodrmTests.debug-testing.xcconfig */,
				D19A473FC1BCB7014101AF51 /* Pods-GodrmTests.release-testing.xcconfig */,
				3262A1D0350435A28C0A3E8E /* Pods-Godrm.debug testing.xcconfig */,
				8466EE9EF553E05DFDA7B659 /* Pods-Godrm.release testing.xcconfig */,
				AB4808717BF497E7CD7F7E8D /* Pods-GodrmTests.debug testing.xcconfig */,
				9F18D41E40D59E4191A55126 /* Pods-GodrmTests.release testing.xcconfig */,
			);
			path = Pods;
			sourceTree = "<group>";
		};
		8B7AFD0A75879BA65AEE8354 /* Frameworks */ = {
			isa = PBXGroup;
			children = (
				33D6DD257775C614F6A9DEBA /* Pods_Godrm.framework */,
				A30929E4E836F4A8B88081EA /* Pods_GodrmTests.framework */,
			);
			name = Frameworks;
			sourceTree = "<group>";
		};
		E421004228ACC7E200544EDA = {
			isa = PBXGroup;
			children = (
				E411C02E28AF9DD900F17571 /* example.xcconfig */,
				E46A09A728AE1D5F00BEB1CA /* production.xcconfig */,
				E46A09A828AE1D7300BEB1CA /* development.xcconfig */,
				E46A09A528AD0E5100BEB1CA /* .swiftformat */,
				E46A09A328AD0DF400BEB1CA /* .swiftlint.yml */,
				E421006328ACC8D100544EDA /* LICENSE */,
				E421006228ACC8D100544EDA /* README.md */,
				E421004D28ACC7E200544EDA /* Godrm */,
				E46A099B28AD0A8E00BEB1CA /* GodrmTests */,
				E421004C28ACC7E200544EDA /* Products */,
				326DCCCA14284D357AE95B23 /* Pods */,
				8B7AFD0A75879BA65AEE8354 /* Frameworks */,
			);
			sourceTree = "<group>";
		};
		E421004C28ACC7E200544EDA /* Products */ = {
			isa = PBXGroup;
			children = (
				E421004B28ACC7E200544EDA /* Godrm.app */,
				E46A099A28AD0A8E00BEB1CA /* GodrmTests.xctest */,
			);
			name = Products;
			sourceTree = "<group>";
		};
		E421004D28ACC7E200544EDA /* Godrm */ = {
			isa = PBXGroup;
			children = (
				E421006728ACDBBE00544EDA /* Application */,
				E421006628ACDBBC00544EDA /* Domain */,
				E421006A28ACDBE000544EDA /* Presentation */,
				E421006828ACDBC400544EDA /* Data */,
				E421006928ACDBC900544EDA /* Resource */,
			);
			path = Godrm;
			sourceTree = "<group>";
		};
		E421006628ACDBBC00544EDA /* Domain */ = {
			isa = PBXGroup;
			children = (
			);
			path = Domain;
			sourceTree = "<group>";
		};
		E421006728ACDBBE00544EDA /* Application */ = {
			isa = PBXGroup;
			children = (
				E421004E28ACC7E200544EDA /* AppDelegate.swift */,
				E421005028ACC7E200544EDA /* SceneDelegate.swift */,
			);
			path = Application;
			sourceTree = "<group>";
		};
		E421006828ACDBC400544EDA /* Data */ = {
			isa = PBXGroup;
			children = (
			);
			path = Data;
			sourceTree = "<group>";
		};
		E421006928ACDBC900544EDA /* Resource */ = {
			isa = PBXGroup;
			children = (
				E421005928ACC7E300544EDA /* LaunchScreen.storyboard */,
				E421005728ACC7E300544EDA /* Assets.xcassets */,
				E4DB7F0628ACE5AB007571C5 /* Info.plist */,
				E46BCD8D28AF7FEE00E1BE64 /* InfoPlist.strings */,
			);
			path = Resource;
			sourceTree = "<group>";
		};
		E421006A28ACDBE000544EDA /* Presentation */ = {
			isa = PBXGroup;
			children = (
				E421006B28ACDBFB00544EDA /* OnboardingScene */,
			);
			path = Presentation;
			sourceTree = "<group>";
		};
		E421006B28ACDBFB00544EDA /* OnboardingScene */ = {
			isa = PBXGroup;
			children = (
				E421005228ACC7E200544EDA /* OnboardingPageViewController.swift */,
			);
			path = OnboardingScene;
			sourceTree = "<group>";
		};
		E46A099B28AD0A8E00BEB1CA /* GodrmTests */ = {
			isa = PBXGroup;
			children = (
				E46A099C28AD0A8E00BEB1CA /* GodrmTests.swift */,
			);
			path = GodrmTests;
			sourceTree = "<group>";
		};
/* End PBXGroup section */

/* Begin PBXNativeTarget section */
		E421004A28ACC7E200544EDA /* Godrm */ = {
			isa = PBXNativeTarget;
			buildConfigurationList = E421005F28ACC7E300544EDA /* Build configuration list for PBXNativeTarget "Godrm" */;
			buildPhases = (
				EA65DA09A43ACAF27C0EAD74 /* [CP] Check Pods Manifest.lock */,
				E46A099428AD097D00BEB1CA /* Swift format */,
				E46A099528AD09B700BEB1CA /* Swift lint */,
				E421004728ACC7E200544EDA /* Sources */,
				E421004828ACC7E200544EDA /* Frameworks */,
				E421004928ACC7E200544EDA /* Resources */,
				84B83A73111B31C767A758AE /* [CP] Embed Pods Frameworks */,
			);
			buildRules = (
			);
			dependencies = (
			);
			name = Godrm;
			productName = Godrm;
			productReference = E421004B28ACC7E200544EDA /* Godrm.app */;
			productType = "com.apple.product-type.application";
		};
		E46A099928AD0A8E00BEB1CA /* GodrmTests */ = {
			isa = PBXNativeTarget;
			buildConfigurationList = E46A09A028AD0A8E00BEB1CA /* Build configuration list for PBXNativeTarget "GodrmTests" */;
			buildPhases = (
				F6F3C891DA4F131773ECA5E2 /* [CP] Check Pods Manifest.lock */,
				E46A099628AD0A8E00BEB1CA /* Sources */,
				E46A099728AD0A8E00BEB1CA /* Frameworks */,
				E46A099828AD0A8E00BEB1CA /* Resources */,
				60E67595E6013E128D6A4456 /* [CP] Embed Pods Frameworks */,
			);
			buildRules = (
			);
			dependencies = (
				E4AEABB328B1154000341AC9 /* PBXTargetDependency */,
			);
			name = GodrmTests;
			productName = GodrmTests;
			productReference = E46A099A28AD0A8E00BEB1CA /* GodrmTests.xctest */;
			productType = "com.apple.product-type.bundle.unit-test";
		};
/* End PBXNativeTarget section */

/* Begin PBXProject section */
		E421004328ACC7E200544EDA /* Project object */ = {
			isa = PBXProject;
			attributes = {
				BuildIndependentTargetsInParallel = 1;
				LastSwiftUpdateCheck = 1330;
				LastUpgradeCheck = 1330;
				TargetAttributes = {
					E421004A28ACC7E200544EDA = {
						CreatedOnToolsVersion = 13.3;
					};
					E46A099928AD0A8E00BEB1CA = {
						CreatedOnToolsVersion = 13.3;
						TestTargetID = E421004A28ACC7E200544EDA;
					};
				};
			};
			buildConfigurationList = E421004628ACC7E200544EDA /* Build configuration list for PBXProject "Godrm" */;
			compatibilityVersion = "Xcode 13.0";
			developmentRegion = en;
			hasScannedForEncodings = 0;
			knownRegions = (
				en,
				Base,
				ko,
			);
			mainGroup = E421004228ACC7E200544EDA;
			productRefGroup = E421004C28ACC7E200544EDA /* Products */;
			projectDirPath = "";
			projectRoot = "";
			targets = (
				E421004A28ACC7E200544EDA /* Godrm */,
				E46A099928AD0A8E00BEB1CA /* GodrmTests */,
			);
		};
/* End PBXProject section */

/* Begin PBXResourcesBuildPhase section */
		E421004928ACC7E200544EDA /* Resources */ = {
			isa = PBXResourcesBuildPhase;
			buildActionMask = 2147483647;
			files = (
				E46A09A428AD0DF400BEB1CA /* .swiftlint.yml in Resources */,
				E421005B28ACC7E300544EDA /* LaunchScreen.storyboard in Resources */,
				E46A09A628AD0E5100BEB1CA /* .swiftformat in Resources */,
				E411C02F28AF9DD900F17571 /* example.xcconfig in Resources */,
				E46BCDBF28AF83B800E1BE64 /* InfoPlist.strings in Resources */,
				E421005828ACC7E300544EDA /* Assets.xcassets in Resources */,
				E421006428ACC8D100544EDA /* README.md in Resources */,
				E421006528ACC8D100544EDA /* LICENSE in Resources */,
			);
			runOnlyForDeploymentPostprocessing = 0;
		};
		E46A099828AD0A8E00BEB1CA /* Resources */ = {
			isa = PBXResourcesBuildPhase;
			buildActionMask = 2147483647;
			files = (
			);
			runOnlyForDeploymentPostprocessing = 0;
		};
/* End PBXResourcesBuildPhase section */

/* Begin PBXShellScriptBuildPhase section */
		60E67595E6013E128D6A4456 /* [CP] Embed Pods Frameworks */ = {
			isa = PBXShellScriptBuildPhase;
			buildActionMask = 2147483647;
			files = (
			);
			inputFileListPaths = (
				"${PODS_ROOT}/Target Support Files/Pods-GodrmTests/Pods-GodrmTests-frameworks-${CONFIGURATION}-input-files.xcfilelist",
			);
			name = "[CP] Embed Pods Frameworks";
			outputFileListPaths = (
				"${PODS_ROOT}/Target Support Files/Pods-GodrmTests/Pods-GodrmTests-frameworks-${CONFIGURATION}-output-files.xcfilelist",
			);
			runOnlyForDeploymentPostprocessing = 0;
			shellPath = /bin/sh;
			shellScript = "\"${PODS_ROOT}/Target Support Files/Pods-GodrmTests/Pods-GodrmTests-frameworks.sh\"\n";
			showEnvVarsInLog = 0;
		};
		84B83A73111B31C767A758AE /* [CP] Embed Pods Frameworks */ = {
			isa = PBXShellScriptBuildPhase;
			buildActionMask = 2147483647;
			files = (
			);
			inputFileListPaths = (
				"${PODS_ROOT}/Target Support Files/Pods-Godrm/Pods-Godrm-frameworks-${CONFIGURATION}-input-files.xcfilelist",
			);
			name = "[CP] Embed Pods Frameworks";
			outputFileListPaths = (
				"${PODS_ROOT}/Target Support Files/Pods-Godrm/Pods-Godrm-frameworks-${CONFIGURATION}-output-files.xcfilelist",
			);
			runOnlyForDeploymentPostprocessing = 0;
			shellPath = /bin/sh;
			shellScript = "\"${PODS_ROOT}/Target Support Files/Pods-Godrm/Pods-Godrm-frameworks.sh\"\n";
			showEnvVarsInLog = 0;
		};
		E46A099428AD097D00BEB1CA /* Swift format */ = {
			isa = PBXShellScriptBuildPhase;
			buildActionMask = 2147483647;
			files = (
			);
			inputFileListPaths = (
			);
			inputPaths = (
			);
			name = "Swift format";
			outputFileListPaths = (
			);
			outputPaths = (
			);
			runOnlyForDeploymentPostprocessing = 0;
			shellPath = /bin/sh;
			shellScript = "# Type a script or drag a script file from your workspace to insert its path.\n\"${PODS_ROOT}/SwiftLint/swiftlint\"\n";
		};
		E46A099528AD09B700BEB1CA /* Swift lint */ = {
			isa = PBXShellScriptBuildPhase;
			buildActionMask = 2147483647;
			files = (
			);
			inputFileListPaths = (
			);
			inputPaths = (
			);
			name = "Swift lint";
			outputFileListPaths = (
			);
			outputPaths = (
			);
			runOnlyForDeploymentPostprocessing = 0;
			shellPath = /bin/sh;
			shellScript = "# Type a script or drag a script file from your workspace to insert its path.\n\"${PODS_ROOT}/SwiftFormat/CommandLineTool/swiftformat\" \"$SRCROOT\"\n";
		};
		EA65DA09A43ACAF27C0EAD74 /* [CP] Check Pods Manifest.lock */ = {
			isa = PBXShellScriptBuildPhase;
			buildActionMask = 2147483647;
			files = (
			);
			inputFileListPaths = (
			);
			inputPaths = (
				"${PODS_PODFILE_DIR_PATH}/Podfile.lock",
				"${PODS_ROOT}/Manifest.lock",
			);
			name = "[CP] Check Pods Manifest.lock";
			outputFileListPaths = (
			);
			outputPaths = (
				"$(DERIVED_FILE_DIR)/Pods-Godrm-checkManifestLockResult.txt",
			);
			runOnlyForDeploymentPostprocessing = 0;
			shellPath = /bin/sh;
			shellScript = "diff \"${PODS_PODFILE_DIR_PATH}/Podfile.lock\" \"${PODS_ROOT}/Manifest.lock\" > /dev/null\nif [ $? != 0 ] ; then\n    # print error to STDERR\n    echo \"error: The sandbox is not in sync with the Podfile.lock. Run 'pod install' or update your CocoaPods installation.\" >&2\n    exit 1\nfi\n# This output is used by Xcode 'outputs' to avoid re-running this script phase.\necho \"SUCCESS\" > \"${SCRIPT_OUTPUT_FILE_0}\"\n";
			showEnvVarsInLog = 0;
		};
		F6F3C891DA4F131773ECA5E2 /* [CP] Check Pods Manifest.lock */ = {
			isa = PBXShellScriptBuildPhase;
			buildActionMask = 2147483647;
			files = (
			);
			inputFileListPaths = (
			);
			inputPaths = (
				"${PODS_PODFILE_DIR_PATH}/Podfile.lock",
				"${PODS_ROOT}/Manifest.lock",
			);
			name = "[CP] Check Pods Manifest.lock";
			outputFileListPaths = (
			);
			outputPaths = (
				"$(DERIVED_FILE_DIR)/Pods-GodrmTests-checkManifestLockResult.txt",
			);
			runOnlyForDeploymentPostprocessing = 0;
			shellPath = /bin/sh;
			shellScript = "diff \"${PODS_PODFILE_DIR_PATH}/Podfile.lock\" \"${PODS_ROOT}/Manifest.lock\" > /dev/null\nif [ $? != 0 ] ; then\n    # print error to STDERR\n    echo \"error: The sandbox is not in sync with the Podfile.lock. Run 'pod install' or update your CocoaPods installation.\" >&2\n    exit 1\nfi\n# This output is used by Xcode 'outputs' to avoid re-running this script phase.\necho \"SUCCESS\" > \"${SCRIPT_OUTPUT_FILE_0}\"\n";
			showEnvVarsInLog = 0;
		};
/* End PBXShellScriptBuildPhase section */

/* Begin PBXSourcesBuildPhase section */
		E421004728ACC7E200544EDA /* Sources */ = {
			isa = PBXSourcesBuildPhase;
			buildActionMask = 2147483647;
			files = (
				E421005328ACC7E200544EDA /* OnboardingPageViewController.swift in Sources */,
				E421004F28ACC7E200544EDA /* AppDelegate.swift in Sources */,
				E421005128ACC7E200544EDA /* SceneDelegate.swift in Sources */,
			);
			runOnlyForDeploymentPostprocessing = 0;
		};
		E46A099628AD0A8E00BEB1CA /* Sources */ = {
			isa = PBXSourcesBuildPhase;
			buildActionMask = 2147483647;
			files = (
				E46A099D28AD0A8E00BEB1CA /* GodrmTests.swift in Sources */,
			);
			runOnlyForDeploymentPostprocessing = 0;
		};
/* End PBXSourcesBuildPhase section */

/* Begin PBXTargetDependency section */
		E4AEABB328B1154000341AC9 /* PBXTargetDependency */ = {
			isa = PBXTargetDependency;
			target = E421004A28ACC7E200544EDA /* Godrm */;
			targetProxy = E4AEABB228B1154000341AC9 /* PBXContainerItemProxy */;
		};
/* End PBXTargetDependency section */

/* Begin PBXVariantGroup section */
		E421005928ACC7E300544EDA /* LaunchScreen.storyboard */ = {
			isa = PBXVariantGroup;
			children = (
				E421005A28ACC7E300544EDA /* Base */,
			);
			name = LaunchScreen.storyboard;
			sourceTree = "<group>";
		};
		E46BCD8D28AF7FEE00E1BE64 /* InfoPlist.strings */ = {
			isa = PBXVariantGroup;
			children = (
				E46BCD8C28AF7FEE00E1BE64 /* en */,
				E411C02D28AF9BFE00F17571 /* ko */,
			);
			name = InfoPlist.strings;
			sourceTree = "<group>";
		};
/* End PBXVariantGroup section */

/* Begin XCBuildConfiguration section */
		E421005D28ACC7E300544EDA /* Debug */ = {
			isa = XCBuildConfiguration;
			buildSettings = {
				ALWAYS_SEARCH_USER_PATHS = NO;
				CLANG_ANALYZER_LOCALIZABILITY_NONLOCALIZED = YES;
				CLANG_ANALYZER_NONNULL = YES;
				CLANG_ANALYZER_NUMBER_OBJECT_CONVERSION = YES_AGGRESSIVE;
				CLANG_CXX_LANGUAGE_STANDARD = "gnu++17";
				CLANG_ENABLE_MODULES = YES;
				CLANG_ENABLE_OBJC_ARC = YES;
				CLANG_ENABLE_OBJC_WEAK = YES;
				CLANG_WARN_BLOCK_CAPTURE_AUTORELEASING = YES;
				CLANG_WARN_BOOL_CONVERSION = YES;
				CLANG_WARN_COMMA = YES;
				CLANG_WARN_CONSTANT_CONVERSION = YES;
				CLANG_WARN_DEPRECATED_OBJC_IMPLEMENTATIONS = YES;
				CLANG_WARN_DIRECT_OBJC_ISA_USAGE = YES_ERROR;
				CLANG_WARN_DOCUMENTATION_COMMENTS = YES;
				CLANG_WARN_EMPTY_BODY = YES;
				CLANG_WARN_ENUM_CONVERSION = YES;
				CLANG_WARN_INFINITE_RECURSION = YES;
				CLANG_WARN_INT_CONVERSION = YES;
				CLANG_WARN_NON_LITERAL_NULL_CONVERSION = YES;
				CLANG_WARN_OBJC_IMPLICIT_RETAIN_SELF = YES;
				CLANG_WARN_OBJC_LITERAL_CONVERSION = YES;
				CLANG_WARN_OBJC_ROOT_CLASS = YES_ERROR;
				CLANG_WARN_QUOTED_INCLUDE_IN_FRAMEWORK_HEADER = YES;
				CLANG_WARN_RANGE_LOOP_ANALYSIS = YES;
				CLANG_WARN_STRICT_PROTOTYPES = YES;
				CLANG_WARN_SUSPICIOUS_MOVE = YES;
				CLANG_WARN_UNGUARDED_AVAILABILITY = YES_AGGRESSIVE;
				CLANG_WARN_UNREACHABLE_CODE = YES;
				CLANG_WARN__DUPLICATE_METHOD_MATCH = YES;
				COPY_PHASE_STRIP = NO;
				DEBUG_INFORMATION_FORMAT = dwarf;
				ENABLE_STRICT_OBJC_MSGSEND = YES;
				ENABLE_TESTABILITY = YES;
				GCC_C_LANGUAGE_STANDARD = gnu11;
				GCC_DYNAMIC_NO_PIC = NO;
				GCC_NO_COMMON_BLOCKS = YES;
				GCC_OPTIMIZATION_LEVEL = 0;
				GCC_PREPROCESSOR_DEFINITIONS = (
					"DEBUG=1",
					"$(inherited)",
				);
				GCC_WARN_64_TO_32_BIT_CONVERSION = YES;
				GCC_WARN_ABOUT_RETURN_TYPE = YES_ERROR;
				GCC_WARN_UNDECLARED_SELECTOR = YES;
				GCC_WARN_UNINITIALIZED_AUTOS = YES_AGGRESSIVE;
				GCC_WARN_UNUSED_FUNCTION = YES;
				GCC_WARN_UNUSED_VARIABLE = YES;
				IPHONEOS_DEPLOYMENT_TARGET = 14.0;
				MTL_ENABLE_DEBUG_INFO = INCLUDE_SOURCE;
				MTL_FAST_MATH = YES;
				ONLY_ACTIVE_ARCH = YES;
				SDKROOT = iphoneos;
				SWIFT_ACTIVE_COMPILATION_CONDITIONS = DEBUG;
				SWIFT_OPTIMIZATION_LEVEL = "-Onone";
			};
			name = Debug;
		};
		E421005E28ACC7E300544EDA /* Release */ = {
			isa = XCBuildConfiguration;
			buildSettings = {
				ALWAYS_SEARCH_USER_PATHS = NO;
				CLANG_ANALYZER_LOCALIZABILITY_NONLOCALIZED = YES;
				CLANG_ANALYZER_NONNULL = YES;
				CLANG_ANALYZER_NUMBER_OBJECT_CONVERSION = YES_AGGRESSIVE;
				CLANG_CXX_LANGUAGE_STANDARD = "gnu++17";
				CLANG_ENABLE_MODULES = YES;
				CLANG_ENABLE_OBJC_ARC = YES;
				CLANG_ENABLE_OBJC_WEAK = YES;
				CLANG_WARN_BLOCK_CAPTURE_AUTORELEASING = YES;
				CLANG_WARN_BOOL_CONVERSION = YES;
				CLANG_WARN_COMMA = YES;
				CLANG_WARN_CONSTANT_CONVERSION = YES;
				CLANG_WARN_DEPRECATED_OBJC_IMPLEMENTATIONS = YES;
				CLANG_WARN_DIRECT_OBJC_ISA_USAGE = YES_ERROR;
				CLANG_WARN_DOCUMENTATION_COMMENTS = YES;
				CLANG_WARN_EMPTY_BODY = YES;
				CLANG_WARN_ENUM_CONVERSION = YES;
				CLANG_WARN_INFINITE_RECURSION = YES;
				CLANG_WARN_INT_CONVERSION = YES;
				CLANG_WARN_NON_LITERAL_NULL_CONVERSION = YES;
				CLANG_WARN_OBJC_IMPLICIT_RETAIN_SELF = YES;
				CLANG_WARN_OBJC_LITERAL_CONVERSION = YES;
				CLANG_WARN_OBJC_ROOT_CLASS = YES_ERROR;
				CLANG_WARN_QUOTED_INCLUDE_IN_FRAMEWORK_HEADER = YES;
				CLANG_WARN_RANGE_LOOP_ANALYSIS = YES;
				CLANG_WARN_STRICT_PROTOTYPES = YES;
				CLANG_WARN_SUSPICIOUS_MOVE = YES;
				CLANG_WARN_UNGUARDED_AVAILABILITY = YES_AGGRESSIVE;
				CLANG_WARN_UNREACHABLE_CODE = YES;
				CLANG_WARN__DUPLICATE_METHOD_MATCH = YES;
				COPY_PHASE_STRIP = NO;
				DEBUG_INFORMATION_FORMAT = "dwarf-with-dsym";
				ENABLE_NS_ASSERTIONS = NO;
				ENABLE_STRICT_OBJC_MSGSEND = YES;
				GCC_C_LANGUAGE_STANDARD = gnu11;
				GCC_NO_COMMON_BLOCKS = YES;
				GCC_WARN_64_TO_32_BIT_CONVERSION = YES;
				GCC_WARN_ABOUT_RETURN_TYPE = YES_ERROR;
				GCC_WARN_UNDECLARED_SELECTOR = YES;
				GCC_WARN_UNINITIALIZED_AUTOS = YES_AGGRESSIVE;
				GCC_WARN_UNUSED_FUNCTION = YES;
				GCC_WARN_UNUSED_VARIABLE = YES;
				IPHONEOS_DEPLOYMENT_TARGET = 14.0;
				MTL_ENABLE_DEBUG_INFO = NO;
				MTL_FAST_MATH = YES;
				SDKROOT = iphoneos;
				SWIFT_COMPILATION_MODE = wholemodule;
				SWIFT_OPTIMIZATION_LEVEL = "-O";
				VALIDATE_PRODUCT = YES;
			};
			name = Release;
		};
		E421006028ACC7E300544EDA /* Debug */ = {
			isa = XCBuildConfiguration;
			baseConfigurationReference = E46A09A828AE1D7300BEB1CA /* development.xcconfig */;
			buildSettings = {
				ASSETCATALOG_COMPILER_APPICON_NAME = AppIcon;
				ASSETCATALOG_COMPILER_GLOBAL_ACCENT_COLOR_NAME = AccentColor;
				CODE_SIGN_STYLE = Automatic;
				CURRENT_PROJECT_VERSION = 5;
				DEVELOPMENT_TEAM = FCQD35AW5P;
				GENERATE_INFOPLIST_FILE = YES;
				INFOPLIST_FILE = Godrm/Resource/Info.plist;
				INFOPLIST_KEY_UIApplicationSupportsIndirectInputEvents = YES;
				INFOPLIST_KEY_UILaunchStoryboardName = LaunchScreen;
				INFOPLIST_KEY_UIStatusBarHidden = NO;
				INFOPLIST_KEY_UISupportedInterfaceOrientations_iPad = "UIInterfaceOrientationPortrait UIInterfaceOrientationPortraitUpsideDown UIInterfaceOrientationLandscapeLeft UIInterfaceOrientationLandscapeRight";
				INFOPLIST_KEY_UISupportedInterfaceOrientations_iPhone = "UIInterfaceOrientationPortrait UIInterfaceOrientationLandscapeLeft UIInterfaceOrientationLandscapeRight";
				LD_RUNPATH_SEARCH_PATHS = (
					"$(inherited)",
					"@executable_path/Frameworks",
				);
				MARKETING_VERSION = 0.0.1;
				PRODUCT_BUNDLE_IDENTIFIER = co.Song.Godrm;
				PRODUCT_NAME = "$(TARGET_NAME)";
				SWIFT_EMIT_LOC_STRINGS = YES;
				SWIFT_VERSION = 5.0;
				TARGETED_DEVICE_FAMILY = 1;
			};
			name = Debug;
		};
		E421006128ACC7E300544EDA /* Release */ = {
			isa = XCBuildConfiguration;
			baseConfigurationReference = E46A09A728AE1D5F00BEB1CA /* production.xcconfig */;
			buildSettings = {
				ASSETCATALOG_COMPILER_APPICON_NAME = AppIcon;
				ASSETCATALOG_COMPILER_GLOBAL_ACCENT_COLOR_NAME = AccentColor;
				CODE_SIGN_STYLE = Automatic;
				CURRENT_PROJECT_VERSION = 5;
				DEVELOPMENT_TEAM = FCQD35AW5P;
				GENERATE_INFOPLIST_FILE = YES;
				INFOPLIST_FILE = Godrm/Resource/Info.plist;
				INFOPLIST_KEY_UIApplicationSupportsIndirectInputEvents = YES;
				INFOPLIST_KEY_UILaunchStoryboardName = LaunchScreen;
				INFOPLIST_KEY_UIStatusBarHidden = NO;
				INFOPLIST_KEY_UISupportedInterfaceOrientations_iPad = "UIInterfaceOrientationPortrait UIInterfaceOrientationPortraitUpsideDown UIInterfaceOrientationLandscapeLeft UIInterfaceOrientationLandscapeRight";
				INFOPLIST_KEY_UISupportedInterfaceOrientations_iPhone = "UIInterfaceOrientationPortrait UIInterfaceOrientationLandscapeLeft UIInterfaceOrientationLandscapeRight";
				LD_RUNPATH_SEARCH_PATHS = (
					"$(inherited)",
					"@executable_path/Frameworks",
				);
				MARKETING_VERSION = 0.0.1;
				PRODUCT_BUNDLE_IDENTIFIER = co.Song.Godrm;
				PRODUCT_NAME = "$(TARGET_NAME)";
				SWIFT_EMIT_LOC_STRINGS = YES;
				SWIFT_VERSION = 5.0;
				TARGETED_DEVICE_FAMILY = 1;
			};
			name = Release;
		};
		E46A09A128AD0A8E00BEB1CA /* Debug */ = {
			isa = XCBuildConfiguration;
			baseConfigurationReference = 171561EAFBAAD29ADCFFE6FA /* Pods-GodrmTests.debug.xcconfig */;
			buildSettings = {
				BUNDLE_LOADER = "$(TEST_HOST)";
				CODE_SIGN_STYLE = Automatic;
				CURRENT_PROJECT_VERSION = 5;
				DEVELOPMENT_TEAM = FCQD35AW5P;
				GENERATE_INFOPLIST_FILE = YES;
				MARKETING_VERSION = 1.0;
				PRODUCT_BUNDLE_IDENTIFIER = co.Song.GodrmTests;
				PRODUCT_NAME = "$(TARGET_NAME)";
				SWIFT_EMIT_LOC_STRINGS = NO;
				SWIFT_VERSION = 5.0;
				TARGETED_DEVICE_FAMILY = "1,2";
				TEST_HOST = "$(BUILT_PRODUCTS_DIR)/Godrm.app/Godrm";
			};
			name = Debug;
		};
		E46A09A228AD0A8E00BEB1CA /* Release */ = {
			isa = XCBuildConfiguration;
			baseConfigurationReference = 95367B62EEDBA76AAA730FA7 /* Pods-GodrmTests.release.xcconfig */;
			buildSettings = {
				BUNDLE_LOADER = "$(TEST_HOST)";
				CODE_SIGN_STYLE = Automatic;
				CURRENT_PROJECT_VERSION = 5;
				DEVELOPMENT_TEAM = FCQD35AW5P;
				GENERATE_INFOPLIST_FILE = YES;
				MARKETING_VERSION = 1.0;
				PRODUCT_BUNDLE_IDENTIFIER = co.Song.GodrmTests;
				PRODUCT_NAME = "$(TARGET_NAME)";
				SWIFT_EMIT_LOC_STRINGS = NO;
				SWIFT_VERSION = 5.0;
				TARGETED_DEVICE_FAMILY = "1,2";
				TEST_HOST = "$(BUILT_PRODUCTS_DIR)/Godrm.app/Godrm";
			};
			name = Release;
		};
		E4AEABB428B1164700341AC9 /* Debug testing */ = {
			isa = XCBuildConfiguration;
			buildSettings = {
				ALWAYS_SEARCH_USER_PATHS = NO;
				CLANG_ANALYZER_LOCALIZABILITY_NONLOCALIZED = YES;
				CLANG_ANALYZER_NONNULL = YES;
				CLANG_ANALYZER_NUMBER_OBJECT_CONVERSION = YES_AGGRESSIVE;
				CLANG_CXX_LANGUAGE_STANDARD = "gnu++17";
				CLANG_ENABLE_MODULES = YES;
				CLANG_ENABLE_OBJC_ARC = YES;
				CLANG_ENABLE_OBJC_WEAK = YES;
				CLANG_WARN_BLOCK_CAPTURE_AUTORELEASING = YES;
				CLANG_WARN_BOOL_CONVERSION = YES;
				CLANG_WARN_COMMA = YES;
				CLANG_WARN_CONSTANT_CONVERSION = YES;
				CLANG_WARN_DEPRECATED_OBJC_IMPLEMENTATIONS = YES;
				CLANG_WARN_DIRECT_OBJC_ISA_USAGE = YES_ERROR;
				CLANG_WARN_DOCUMENTATION_COMMENTS = YES;
				CLANG_WARN_EMPTY_BODY = YES;
				CLANG_WARN_ENUM_CONVERSION = YES;
				CLANG_WARN_INFINITE_RECURSION = YES;
				CLANG_WARN_INT_CONVERSION = YES;
				CLANG_WARN_NON_LITERAL_NULL_CONVERSION = YES;
				CLANG_WARN_OBJC_IMPLICIT_RETAIN_SELF = YES;
				CLANG_WARN_OBJC_LITERAL_CONVERSION = YES;
				CLANG_WARN_OBJC_ROOT_CLASS = YES_ERROR;
				CLANG_WARN_QUOTED_INCLUDE_IN_FRAMEWORK_HEADER = YES;
				CLANG_WARN_RANGE_LOOP_ANALYSIS = YES;
				CLANG_WARN_STRICT_PROTOTYPES = YES;
				CLANG_WARN_SUSPICIOUS_MOVE = YES;
				CLANG_WARN_UNGUARDED_AVAILABILITY = YES_AGGRESSIVE;
				CLANG_WARN_UNREACHABLE_CODE = YES;
				CLANG_WARN__DUPLICATE_METHOD_MATCH = YES;
				COPY_PHASE_STRIP = NO;
				DEBUG_INFORMATION_FORMAT = dwarf;
				ENABLE_STRICT_OBJC_MSGSEND = YES;
				ENABLE_TESTABILITY = YES;
				GCC_C_LANGUAGE_STANDARD = gnu11;
				GCC_DYNAMIC_NO_PIC = NO;
				GCC_NO_COMMON_BLOCKS = YES;
				GCC_OPTIMIZATION_LEVEL = 0;
				GCC_PREPROCESSOR_DEFINITIONS = (
					"DEBUG=1",
					"$(inherited)",
				);
				GCC_WARN_64_TO_32_BIT_CONVERSION = YES;
				GCC_WARN_ABOUT_RETURN_TYPE = YES_ERROR;
				GCC_WARN_UNDECLARED_SELECTOR = YES;
				GCC_WARN_UNINITIALIZED_AUTOS = YES_AGGRESSIVE;
				GCC_WARN_UNUSED_FUNCTION = YES;
				GCC_WARN_UNUSED_VARIABLE = YES;
				IPHONEOS_DEPLOYMENT_TARGET = 14.0;
				MTL_ENABLE_DEBUG_INFO = INCLUDE_SOURCE;
				MTL_FAST_MATH = YES;
				ONLY_ACTIVE_ARCH = YES;
				SDKROOT = iphoneos;
				SWIFT_ACTIVE_COMPILATION_CONDITIONS = DEBUG;
				SWIFT_OPTIMIZATION_LEVEL = "-Onone";
			};
			name = "Debug testing";
		};
		E4AEABB528B1164700341AC9 /* Debug testing */ = {
			isa = XCBuildConfiguration;
			baseConfigurationReference = 3262A1D0350435A28C0A3E8E /* Pods-Godrm.debug testing.xcconfig */;
			buildSettings = {
				ASSETCATALOG_COMPILER_APPICON_NAME = AppIcon;
				ASSETCATALOG_COMPILER_GLOBAL_ACCENT_COLOR_NAME = AccentColor;
				CODE_SIGN_STYLE = Automatic;
				CURRENT_PROJECT_VERSION = 5;
				DEVELOPMENT_TEAM = FCQD35AW5P;
				GENERATE_INFOPLIST_FILE = YES;
				INFOPLIST_FILE = Godrm/Resource/Info.plist;
				INFOPLIST_KEY_UIApplicationSupportsIndirectInputEvents = YES;
				INFOPLIST_KEY_UILaunchStoryboardName = LaunchScreen;
				INFOPLIST_KEY_UIStatusBarHidden = NO;
				INFOPLIST_KEY_UISupportedInterfaceOrientations_iPad = "UIInterfaceOrientationPortrait UIInterfaceOrientationPortraitUpsideDown UIInterfaceOrientationLandscapeLeft UIInterfaceOrientationLandscapeRight";
				INFOPLIST_KEY_UISupportedInterfaceOrientations_iPhone = "UIInterfaceOrientationPortrait UIInterfaceOrientationLandscapeLeft UIInterfaceOrientationLandscapeRight";
				LD_RUNPATH_SEARCH_PATHS = (
					"$(inherited)",
					"@executable_path/Frameworks",
				);
				MARKETING_VERSION = 0.0.1;
				PRODUCT_BUNDLE_IDENTIFIER = co.Song.Godrm;
				PRODUCT_NAME = "$(TARGET_NAME)";
				SWIFT_EMIT_LOC_STRINGS = YES;
				SWIFT_VERSION = 5.0;
				TARGETED_DEVICE_FAMILY = 1;
			};
			name = "Debug testing";
		};
		E4AEABB628B1164700341AC9 /* Debug testing */ = {
			isa = XCBuildConfiguration;
			baseConfigurationReference = AB4808717BF497E7CD7F7E8D /* Pods-GodrmTests.debug testing.xcconfig */;
			buildSettings = {
				BUNDLE_LOADER = "$(TEST_HOST)";
				CODE_SIGN_STYLE = Automatic;
				CURRENT_PROJECT_VERSION = 5;
				DEVELOPMENT_TEAM = FCQD35AW5P;
				GENERATE_INFOPLIST_FILE = YES;
				MARKETING_VERSION = 1.0;
				PRODUCT_BUNDLE_IDENTIFIER = co.Song.GodrmTests;
				PRODUCT_NAME = "$(TARGET_NAME)";
				SWIFT_EMIT_LOC_STRINGS = NO;
				SWIFT_VERSION = 5.0;
				TARGETED_DEVICE_FAMILY = "1,2";
				TEST_HOST = "$(BUILT_PRODUCTS_DIR)/Godrm.app/Godrm";
			};
			name = "Debug testing";
		};
		E4AEABBA28B11AB400341AC9 /* Release testing */ = {
			isa = XCBuildConfiguration;
			buildSettings = {
				ALWAYS_SEARCH_USER_PATHS = NO;
				CLANG_ANALYZER_LOCALIZABILITY_NONLOCALIZED = YES;
				CLANG_ANALYZER_NONNULL = YES;
				CLANG_ANALYZER_NUMBER_OBJECT_CONVERSION = YES_AGGRESSIVE;
				CLANG_CXX_LANGUAGE_STANDARD = "gnu++17";
				CLANG_ENABLE_MODULES = YES;
				CLANG_ENABLE_OBJC_ARC = YES;
				CLANG_ENABLE_OBJC_WEAK = YES;
				CLANG_WARN_BLOCK_CAPTURE_AUTORELEASING = YES;
				CLANG_WARN_BOOL_CONVERSION = YES;
				CLANG_WARN_COMMA = YES;
				CLANG_WARN_CONSTANT_CONVERSION = YES;
				CLANG_WARN_DEPRECATED_OBJC_IMPLEMENTATIONS = YES;
				CLANG_WARN_DIRECT_OBJC_ISA_USAGE = YES_ERROR;
				CLANG_WARN_DOCUMENTATION_COMMENTS = YES;
				CLANG_WARN_EMPTY_BODY = YES;
				CLANG_WARN_ENUM_CONVERSION = YES;
				CLANG_WARN_INFINITE_RECURSION = YES;
				CLANG_WARN_INT_CONVERSION = YES;
				CLANG_WARN_NON_LITERAL_NULL_CONVERSION = YES;
				CLANG_WARN_OBJC_IMPLICIT_RETAIN_SELF = YES;
				CLANG_WARN_OBJC_LITERAL_CONVERSION = YES;
				CLANG_WARN_OBJC_ROOT_CLASS = YES_ERROR;
				CLANG_WARN_QUOTED_INCLUDE_IN_FRAMEWORK_HEADER = YES;
				CLANG_WARN_RANGE_LOOP_ANALYSIS = YES;
				CLANG_WARN_STRICT_PROTOTYPES = YES;
				CLANG_WARN_SUSPICIOUS_MOVE = YES;
				CLANG_WARN_UNGUARDED_AVAILABILITY = YES_AGGRESSIVE;
				CLANG_WARN_UNREACHABLE_CODE = YES;
				CLANG_WARN__DUPLICATE_METHOD_MATCH = YES;
				COPY_PHASE_STRIP = NO;
				DEBUG_INFORMATION_FORMAT = "dwarf-with-dsym";
				ENABLE_NS_ASSERTIONS = NO;
				ENABLE_STRICT_OBJC_MSGSEND = YES;
				GCC_C_LANGUAGE_STANDARD = gnu11;
				GCC_NO_COMMON_BLOCKS = YES;
				GCC_WARN_64_TO_32_BIT_CONVERSION = YES;
				GCC_WARN_ABOUT_RETURN_TYPE = YES_ERROR;
				GCC_WARN_UNDECLARED_SELECTOR = YES;
				GCC_WARN_UNINITIALIZED_AUTOS = YES_AGGRESSIVE;
				GCC_WARN_UNUSED_FUNCTION = YES;
				GCC_WARN_UNUSED_VARIABLE = YES;
				IPHONEOS_DEPLOYMENT_TARGET = 14.0;
				MTL_ENABLE_DEBUG_INFO = NO;
				MTL_FAST_MATH = YES;
				SDKROOT = iphoneos;
				SWIFT_COMPILATION_MODE = wholemodule;
				SWIFT_OPTIMIZATION_LEVEL = "-O";
				VALIDATE_PRODUCT = YES;
			};
			name = "Release testing";
		};
		E4AEABBB28B11AB400341AC9 /* Release testing */ = {
			isa = XCBuildConfiguration;
			baseConfigurationReference = 8466EE9EF553E05DFDA7B659 /* Pods-Godrm.release testing.xcconfig */;
			buildSettings = {
				ASSETCATALOG_COMPILER_APPICON_NAME = AppIcon;
				ASSETCATALOG_COMPILER_GLOBAL_ACCENT_COLOR_NAME = AccentColor;
				CODE_SIGN_STYLE = Automatic;
				CURRENT_PROJECT_VERSION = 5;
				DEVELOPMENT_TEAM = FCQD35AW5P;
				GENERATE_INFOPLIST_FILE = YES;
				INFOPLIST_FILE = Godrm/Resource/Info.plist;
				INFOPLIST_KEY_UIApplicationSupportsIndirectInputEvents = YES;
				INFOPLIST_KEY_UILaunchStoryboardName = LaunchScreen;
				INFOPLIST_KEY_UIStatusBarHidden = NO;
				INFOPLIST_KEY_UISupportedInterfaceOrientations_iPad = "UIInterfaceOrientationPortrait UIInterfaceOrientationPortraitUpsideDown UIInterfaceOrientationLandscapeLeft UIInterfaceOrientationLandscapeRight";
				INFOPLIST_KEY_UISupportedInterfaceOrientations_iPhone = "UIInterfaceOrientationPortrait UIInterfaceOrientationLandscapeLeft UIInterfaceOrientationLandscapeRight";
				LD_RUNPATH_SEARCH_PATHS = (
					"$(inherited)",
					"@executable_path/Frameworks",
				);
				MARKETING_VERSION = 0.0.1;
				PRODUCT_BUNDLE_IDENTIFIER = co.Song.Godrm;
				PRODUCT_NAME = "$(TARGET_NAME)";
				SWIFT_EMIT_LOC_STRINGS = YES;
				SWIFT_VERSION = 5.0;
				TARGETED_DEVICE_FAMILY = 1;
			};
			name = "Release testing";
		};
		E4AEABBC28B11AB400341AC9 /* Release testing */ = {
			isa = XCBuildConfiguration;
			baseConfigurationReference = 9F18D41E40D59E4191A55126 /* Pods-GodrmTests.release testing.xcconfig */;
			buildSettings = {
				BUNDLE_LOADER = "$(TEST_HOST)";
				CODE_SIGN_STYLE = Automatic;
				CURRENT_PROJECT_VERSION = 5;
				DEVELOPMENT_TEAM = FCQD35AW5P;
				GENERATE_INFOPLIST_FILE = YES;
				MARKETING_VERSION = 1.0;
				PRODUCT_BUNDLE_IDENTIFIER = co.Song.GodrmTests;
				PRODUCT_NAME = "$(TARGET_NAME)";
				SWIFT_EMIT_LOC_STRINGS = NO;
				SWIFT_VERSION = 5.0;
				TARGETED_DEVICE_FAMILY = "1,2";
				TEST_HOST = "$(BUILT_PRODUCTS_DIR)/Godrm.app/Godrm";
			};
			name = "Release testing";
		};
/* End XCBuildConfiguration section */

/* Begin XCConfigurationList section */
		E421004628ACC7E200544EDA /* Build configuration list for PBXProject "Godrm" */ = {
			isa = XCConfigurationList;
			buildConfigurations = (
				E421005D28ACC7E300544EDA /* Debug */,
				E4AEABB428B1164700341AC9 /* Debug testing */,
				E421005E28ACC7E300544EDA /* Release */,
				E4AEABBA28B11AB400341AC9 /* Release testing */,
			);
			defaultConfigurationIsVisible = 0;
			defaultConfigurationName = Release;
		};
		E421005F28ACC7E300544EDA /* Build configuration list for PBXNativeTarget "Godrm" */ = {
			isa = XCConfigurationList;
			buildConfigurations = (
				E421006028ACC7E300544EDA /* Debug */,
				E4AEABB528B1164700341AC9 /* Debug testing */,
				E421006128ACC7E300544EDA /* Release */,
				E4AEABBB28B11AB400341AC9 /* Release testing */,
			);
			defaultConfigurationIsVisible = 0;
			defaultConfigurationName = Release;
		};
		E46A09A028AD0A8E00BEB1CA /* Build configuration list for PBXNativeTarget "GodrmTests" */ = {
			isa = XCConfigurationList;
			buildConfigurations = (
				E46A09A128AD0A8E00BEB1CA /* Debug */,
				E4AEABB628B1164700341AC9 /* Debug testing */,
				E46A09A228AD0A8E00BEB1CA /* Release */,
				E4AEABBC28B11AB400341AC9 /* Release testing */,
			);
			defaultConfigurationIsVisible = 0;
			defaultConfigurationName = Release;
		};
/* End XCConfigurationList section */
	};
	rootObject = E421004328ACC7E200544EDA /* Project object */;
}
